
Microsoft Visual Studio Solution File, Format Version 12.00
# Visual Studio 15
VisualStudioVersion = 15.0.28010.2026
MinimumVisualStudioVersion = 10.0.40219.1
Project("{FAE04EC0-301F-11D3-BF4B-00C04F79EFBC}") = "WpfBeginner", "WpfBeginner\WpfBeginner.csproj", "{37619214-E9B7-40FF-A4B8-7BE0316DED03}"
EndProject
Global
	GlobalSection(SolutionConfigurationPlatforms) = preSolution
		Debug|Any CPU = Debug|Any CPU
		Release|Any CPU = Release|Any CPU
	EndGlobalSection
	GlobalSection(ProjectConfigurationPlatforms) = postSolution
		{37619214-E9B7-40FF-A4B8-7BE0316DED03}.Debug|Any CPU.ActiveCfg = Debug|Any CPU
		{37619214-E9B7-40FF-A4B8-7BE0316DED03}.Debug|Any CPU.Build.0 = Debug|Any CPU
		{37619214-E9B7-40FF-A4B8-7BE0316DED03}.Release|Any CPU.ActiveCfg = Release|Any CPU
		{37619214-E9B7-40FF-A4B8-7BE0316DED03}.Release|Any CPU.Build.0 = Release|Any CPU
	EndGlobalSection
	GlobalSection(SolutionProperties) = preSolution
		HideSolutionNode = FALSE
	EndGlobalSection
	GlobalSection(ExtensibilityGlobals) = postSolution
		SolutionGuid = {9DB9D79C-C4A2-4557-B4BB-46830645668F}
	EndGlobalSection
EndGlobal
